
Microsoft Visual Studio Solution File, Format Version 12.00
# Visual Studio Version 17
VisualStudioVersion = 17.4.33205.214
MinimumVisualStudioVersion = 10.0.40219.1
Project("{FAE04EC0-301F-11D3-BF4B-00C04F79EFBC}") = "ConsoleApp1", "ConsoleApp1\ConsoleApp1.csproj", "{666BCC1E-3C8A-4823-8FEA-B7625A3430EF}"
EndProject
Global
	GlobalSection(SolutionConfigurationPlatforms) = preSolution
		Debug|Any CPU = Debug|Any CPU
		Release|Any CPU = Release|Any CPU
	EndGlobalSection
	GlobalSection(ProjectConfigurationPlatforms) = postSolution
		{666BCC1E-3C8A-4823-8FEA-B7625A3430EF}.Debug|Any CPU.ActiveCfg = Debug|Any CPU
		{666BCC1E-3C8A-4823-8FEA-B7625A3430EF}.Debug|Any CPU.Build.0 = Debug|Any CPU
		{666BCC1E-3C8A-4823-8FEA-B7625A3430EF}.Release|Any CPU.ActiveCfg = Release|Any CPU
		{666BCC1E-3C8A-4823-8FEA-B7625A3430EF}.Release|Any CPU.Build.0 = Release|Any CPU
	EndGlobalSection
	GlobalSection(SolutionProperties) = preSolution
		HideSolutionNode = FALSE
	EndGlobalSection
	GlobalSection(ExtensibilityGlobals) = postSolution
		SolutionGuid = {4D5B7F5C-F73E-4160-A0D0-68C5F4B13C52}
	EndGlobalSection
EndGlobal
